// !$*UTF8*$!
{
	archiveVersion = 1;
	classes = {
	};
	objectVersion = 56;
	objects = {

/* Begin PBXBuildFile section */
		F788A4FE2B3EBF7300B2D85A /* AppDelegate.swift in Sources */ = {isa = PBXBuildFile; fileRef = F788A4FD2B3EBF7300B2D85A /* AppDelegate.swift */; };
		F788A5002B3EBF7300B2D85A /* SceneDelegate.swift in Sources */ = {isa = PBXBuildFile; fileRef = F788A4FF2B3EBF7300B2D85A /* SceneDelegate.swift */; };
		F788A5022B3EBF7300B2D85A /* ViewController.swift in Sources */ = {isa = PBXBuildFile; fileRef = F788A5012B3EBF7300B2D85A /* ViewController.swift */; };
		F788A5052B3EBF7300B2D85A /* Main.storyboard in Resources */ = {isa = PBXBuildFile; fileRef = F788A5032B3EBF7300B2D85A /* Main.storyboard */; };
		F788A5072B3EBF7600B2D85A /* Assets.xcassets in Resources */ = {isa = PBXBuildFile; fileRef = F788A5062B3EBF7600B2D85A /* Assets.xcassets */; };
		F788A50A2B3EBF7600B2D85A /* LaunchScreen.storyboard in Resources */ = {isa = PBXBuildFile; fileRef = F788A5082B3EBF7600B2D85A /* LaunchScreen.storyboard */; };
		F788A5152B3EBF7600B2D85A /* Project1Tests.swift in Sources */ = {isa = PBXBuildFile; fileRef = F788A5142B3EBF7600B2D85A /* Project1Tests.swift */; };
		F788A51F2B3EBF7600B2D85A /* Project1UITests.swift in Sources */ = {isa = PBXBuildFile; fileRef = F788A51E2B3EBF7600B2D85A /* Project1UITests.swift */; };
		F788A5212B3EBF7600B2D85A /* Project1UITestsLaunchTests.swift in Sources */ = {isa = PBXBuildFile; fileRef = F788A5202B3EBF7600B2D85A /* Project1UITestsLaunchTests.swift */; };
/* End PBXBuildFile section */

/* Begin PBXContainerItemProxy section */
		F788A5112B3EBF7600B2D85A /* PBXContainerItemProxy */ = {
			isa = PBXContainerItemProxy;
			containerPortal = F788A4F22B3EBF7300B2D85A /* Project object */;
			proxyType = 1;
			remoteGlobalIDString = F788A4F92B3EBF7300B2D85A;
			remoteInfo = Project1;
		};
		F788A51B2B3EBF7600B2D85A /* PBXContainerItemProxy */ = {
			isa = PBXContainerItemProxy;
			containerPortal = F788A4F22B3EBF7300B2D85A /* Project object */;
			proxyType = 1;
			remoteGlobalIDString = F788A4F92B3EBF7300B2D85A;
			remoteInfo = Project1;
		};
/* End PBXContainerItemProxy section */

/* Begin PBXFileReference section */
		F788A4FA2B3EBF7300B2D85A /* Project1.app */ = {isa = PBXFileReference; explicitFileType = wrapper.application; includeInIndex = 0; path = Project1.app; sourceTree = BUILT_PRODUCTS_DIR; };
		F788A4FD2B3EBF7300B2D85A /* AppDelegate.swift */ = {isa = PBXFileReference; lastKnownFileType = sourcecode.swift; path = AppDelegate.swift; sourceTree = "<group>"; };
		F788A4FF2B3EBF7300B2D85A /* SceneDelegate.swift */ = {isa = PBXFileReference; lastKnownFileType = sourcecode.swift; path = SceneDelegate.swift; sourceTree = "<group>"; };
		F788A5012B3EBF7300B2D85A /* ViewController.swift */ = {isa = PBXFileReference; lastKnownFileType = sourcecode.swift; path = ViewController.swift; sourceTree = "<group>"; };
		F788A5042B3EBF7300B2D85A /* Base */ = {isa = PBXFileReference; lastKnownFileType = file.storyboard; name = Base; path = Base.lproj/Main.storyboard; sourceTree = "<group>"; };
		F788A5062B3EBF7600B2D85A /* Assets.xcassets */ = {isa = PBXFileReference; lastKnownFileType = folder.assetcatalog; path = Assets.xcassets; sourceTree = "<group>"; };
		F788A5092B3EBF7600B2D85A /* Base */ = {isa = PBXFileReference; lastKnownFileType = file.storyboard; name = Base; path = Base.lproj/LaunchScreen.storyboard; sourceTree = "<group>"; };
		F788A50B2B3EBF7600B2D85A /* Info.plist */ = {isa = PBXFileReference; lastKnownFileType = text.plist.xml; path = Info.plist; sourceTree = "<group>"; };
		F788A5102B3EBF7600B2D85A /* Project1Tests.xctest */ = {isa = PBXFileReference; explicitFileType = wrapper.cfbundle; includeInIndex = 0; path = Project1Tests.xctest; sourceTree = BUILT_PRODUCTS_DIR; };
		F788A5142B3EBF7600B2D85A /* Project1Tests.swift */ = {isa = PBXFileReference; lastKnownFileType = sourcecode.swift; path = Project1Tests.swift; sourceTree = "<group>"; };
		F788A51A2B3EBF7600B2D85A /* Project1UITests.xctest */ = {isa = PBXFileReference; explicitFileType = wrapper.cfbundle; includeInIndex = 0; path = Project1UITests.xctest; sourceTree = BUILT_PRODUCTS_DIR; };
		F788A51E2B3EBF7600B2D85A /* Project1UITests.swift */ = {isa = PBXFileReference; lastKnownFileType = sourcecode.swift; path = Project1UITests.swift; sourceTree = "<group>"; };
		F788A5202B3EBF7600B2D85A /* Project1UITestsLaunchTests.swift */ = {isa = PBXFileReference; lastKnownFileType = sourcecode.swift; path = Project1UITestsLaunchTests.swift; sourceTree = "<group>"; };
/* End PBXFileReference section */

/* Begin PBXFrameworksBuildPhase section */
		F788A4F72B3EBF7300B2D85A /* Frameworks */ = {
			isa = PBXFrameworksBuildPhase;
			buildActionMask = 2147483647;
			files = (
			);
			runOnlyForDeploymentPostprocessing = 0;
		};
		F788A50D2B3EBF7600B2D85A /* Frameworks */ = {
			isa = PBXFrameworksBuildPhase;
			buildActionMask = 2147483647;
			files = (
			);
			runOnlyForDeploymentPostprocessing = 0;
		};
		F788A5172B3EBF7600B2D85A /* Frameworks */ = {
			isa = PBXFrameworksBuildPhase;
			buildActionMask = 2147483647;
			files = (
			);
			runOnlyForDeploymentPostprocessing = 0;
		};
/* End PBXFrameworksBuildPhase section */

/* Begin PBXGroup section */
		F788A4F12B3EBF7300B2D85A = {
			isa = PBXGroup;
			children = (
				F788A4FC2B3EBF7300B2D85A /* Project1 */,
				F788A5132B3EBF7600B2D85A /* Project1Tests */,
				F788A51D2B3EBF7600B2D85A /* Project1UITests */,
				F788A4FB2B3EBF7300B2D85A /* Products */,
			);
			sourceTree = "<group>";
		};
		F788A4FB2B3EBF7300B2D85A /* Products */ = {
			isa = PBXGroup;
			children = (
				F788A4FA2B3EBF7300B2D85A /* Project1.app */,
				F788A5102B3EBF7600B2D85A /* Project1Tests.xctest */,
				F788A51A2B3EBF7600B2D85A /* Project1UITests.xctest */,
			);
			name = Products;
			sourceTree = "<group>";
		};
		F788A4FC2B3EBF7300B2D85A /* Project1 */ = {
			isa = PBXGroup;
			children = (
				F788A4FD2B3EBF7300B2D85A /* AppDelegate.swift */,
				F788A4FF2B3EBF7300B2D85A /* SceneDelegate.swift */,
				F788A5012B3EBF7300B2D85A /* ViewController.swift */,
				F788A5032B3EBF7300B2D85A /* Main.storyboard */,
				F788A5062B3EBF7600B2D85A /* Assets.xcassets */,
				F788A5082B3EBF7600B2D85A /* LaunchScreen.storyboard */,
				F788A50B2B3EBF7600B2D85A /* Info.plist */,
			);
			path = Project1;
			sourceTree = "<group>";
		};
		F788A5132B3EBF7600B2D85A /* Project1Tests */ = {
			isa = PBXGroup;
			children = (
				F788A5142B3EBF7600B2D85A /* Project1Tests.swift */,
			);
			path = Project1Tests;
			sourceTree = "<group>";
		};
		F788A51D2B3EBF7600B2D85A /* Project1UITests */ = {
			isa = PBXGroup;
			children = (
				F788A51E2B3EBF7600B2D85A /* Project1UITests.swift */,
				F788A5202B3EBF7600B2D85A /* Project1UITestsLaunchTests.swift */,
			);
			path = Project1UITests;
			sourceTree = "<group>";
		};
/* End PBXGroup section */

/* Begin PBXNativeTarget section */
		F788A4F92B3EBF7300B2D85A /* Project1 */ = {
			isa = PBXNativeTarget;
			buildConfigurationList = F788A5242B3EBF7600B2D85A /* Build configuration list for PBXNativeTarget "Project1" */;
			buildPhases = (
				F788A4F62B3EBF7300B2D85A /* Sources */,
				F788A4F72B3EBF7300B2D85A /* Frameworks */,
				F788A4F82B3EBF7300B2D85A /* Resources */,
			);
			buildRules = (
			);
			dependencies = (
			);
			name = Project1;
			productName = Project1;
			productReference = F788A4FA2B3EBF7300B2D85A /* Project1.app */;
			productType = "com.apple.product-type.application";
		};
		F788A50F2B3EBF7600B2D85A /* Project1Tests */ = {
			isa = PBXNativeTarget;
			buildConfigurationList = F788A5272B3EBF7600B2D85A /* Build configuration list for PBXNativeTarget "Project1Tests" */;
			buildPhases = (
				F788A50C2B3EBF7600B2D85A /* Sources */,
				F788A50D2B3EBF7600B2D85A /* Frameworks */,
				F788A50E2B3EBF7600B2D85A /* Resources */,
			);
			buildRules = (
			);
			dependencies = (
				F788A5122B3EBF7600B2D85A /* PBXTargetDependency */,
			);
			name = Project1Tests;
			productName = Project1Tests;
			productReference = F788A5102B3EBF7600B2D85A /* Project1Tests.xctest */;
			productType = "com.apple.product-type.bundle.unit-test";
		};
		F788A5192B3EBF7600B2D85A /* Project1UITests */ = {
			isa = PBXNativeTarget;
			buildConfigurationList = F788A52A2B3EBF7600B2D85A /* Build configuration list for PBXNativeTarget "Project1UITests" */;
			buildPhases = (
				F788A5162B3EBF7600B2D85A /* Sources */,
				F788A5172B3EBF7600B2D85A /* Frameworks */,
				F788A5182B3EBF7600B2D85A /* Resources */,
			);
			buildRules = (
			);
			dependencies = (
				F788A51C2B3EBF7600B2D85A /* PBXTargetDependency */,
			);
			name = Project1UITests;
			productName = Project1UITests;
			productReference = F788A51A2B3EBF7600B2D85A /* Project1UITests.xctest */;
			productType = "com.apple.product-type.bundle.ui-testing";
		};
/* End PBXNativeTarget section */

/* Begin PBXProject section */
		F788A4F22B3EBF7300B2D85A /* Project object */ = {
			isa = PBXProject;
			attributes = {
				BuildIndependentTargetsInParallel = 1;
				LastSwiftUpdateCheck = 1510;
				LastUpgradeCheck = 1510;
				TargetAttributes = {
					F788A4F92B3EBF7300B2D85A = {
						CreatedOnToolsVersion = 15.1;
					};
					F788A50F2B3EBF7600B2D85A = {
						CreatedOnToolsVersion = 15.1;
						TestTargetID = F788A4F92B3EBF7300B2D85A;
					};
					F788A5192B3EBF7600B2D85A = {
						CreatedOnToolsVersion = 15.1;
						TestTargetID = F788A4F92B3EBF7300B2D85A;
					};
				};
			};
			buildConfigurationList = F788A4F52B3EBF7300B2D85A /* Build configuration list for PBXProject "Project1" */;
			compatibilityVersion = "Xcode 14.0";
			developmentRegion = en;
			hasScannedForEncodings = 0;
			knownRegions = (
				en,
				Base,
			);
			mainGroup = F788A4F12B3EBF7300B2D85A;
			productRefGroup = F788A4FB2B3EBF7300B2D85A /* Products */;
			projectDirPath = "";
			projectRoot = "";
			targets = (
				F788A4F92B3EBF7300B2D85A /* Project1 */,
				F788A50F2B3EBF7600B2D85A /* Project1Tests */,
				F788A5192B3EBF7600B2D85A /* Project1UITests */,
			);
		};
/* End PBXProject section */

/* Begin PBXResourcesBuildPhase section */
		F788A4F82B3EBF7300B2D85A /* Resources */ = {
			isa = PBXResourcesBuildPhase;
			buildActionMask = 2147483647;
			files = (
				F788A50A2B3EBF7600B2D85A /* LaunchScreen.storyboard in Resources */,
				F788A5072B3EBF7600B2D85A /* Assets.xcassets in Resources */,
				F788A5052B3EBF7300B2D85A /* Main.storyboard in Resources */,
			);
			runOnlyForDeploymentPostprocessing = 0;
		};
		F788A50E2B3EBF7600B2D85A /* Resources */ = {
			isa = PBXResourcesBuildPhase;
			buildActionMask = 2147483647;
			files = (
			);
			runOnlyForDeploymentPostprocessing = 0;
		};
		F788A5182B3EBF7600B2D85A /* Resources */ = {
			isa = PBXResourcesBuildPhase;
			buildActionMask = 2147483647;
			files = (
			);
			runOnlyForDeploymentPostprocessing = 0;
		};
/* End PBXResourcesBuildPhase section */

/* Begin PBXSourcesBuildPhase section */
		F788A4F62B3EBF7300B2D85A /* Sources */ = {
			isa = PBXSourcesBuildPhase;
			buildActionMask = 2147483647;
			files = (
				F788A5022B3EBF7300B2D85A /* ViewController.swift in Sources */,
				F788A4FE2B3EBF7300B2D85A /* AppDelegate.swift in Sources */,
				F788A5002B3EBF7300B2D85A /* SceneDelegate.swift in Sources */,
			);
			runOnlyForDeploymentPostprocessing = 0;
		};
		F788A50C2B3EBF7600B2D85A /* Sources */ = {
			isa = PBXSourcesBuildPhase;
			buildActionMask = 2147483647;
			files = (
				F788A5152B3EBF7600B2D85A /* Project1Tests.swift in Sources */,
			);
			runOnlyForDeploymentPostprocessing = 0;
		};
		F788A5162B3EBF7600B2D85A /* Sources */ = {
			isa = PBXSourcesBuildPhase;
			buildActionMask = 2147483647;
			files = (
				F788A5212B3EBF7600B2D85A /* Project1UITestsLaunchTests.swift in Sources */,
				F788A51F2B3EBF7600B2D85A /* Project1UITests.swift in Sources */,
			);
			runOnlyForDeploymentPostprocessing = 0;
		};
/* End PBXSourcesBuildPhase section */

/* Begin PBXTargetDependency section */
		F788A5122B3EBF7600B2D85A /* PBXTargetDependency */ = {
			isa = PBXTargetDependency;
			target = F788A4F92B3EBF7300B2D85A /* Project1 */;
			targetProxy = F788A5112B3EBF7600B2D85A /* PBXContainerItemProxy */;
		};
		F788A51C2B3EBF7600B2D85A /* PBXTargetDependency */ = {
			isa = PBXTargetDependency;
			target = F788A4F92B3EBF7300B2D85A /* Project1 */;
			targetProxy = F788A51B2B3EBF7600B2D85A /* PBXContainerItemProxy */;
		};
/* End PBXTargetDependency section */

/* Begin PBXVariantGroup section */
		F788A5032B3EBF7300B2D85A /* Main.storyboard */ = {
			isa = PBXVariantGroup;
			children = (
				F788A5042B3EBF7300B2D85A /* Base */,
			);
			name = Main.storyboard;
			sourceTree = "<group>";
		};
		F788A5082B3EBF7600B2D85A /* LaunchScreen.storyboard */ = {
			isa = PBXVariantGroup;
			children = (
				F788A5092B3EBF7600B2D85A /* Base */,
			);
			name = LaunchScreen.storyboard;
			sourceTree = "<group>";
		};
/* End PBXVariantGroup section */

/* Begin XCBuildConfiguration section */
		F788A5222B3EBF7600B2D85A /* Debug */ = {
			isa = XCBuildConfiguration;
			buildSettings = {
				ALWAYS_SEARCH_USER_PATHS = NO;
				ASSETCATALOG_COMPILER_GENERATE_SWIFT_ASSET_SYMBOL_EXTENSIONS = YES;
				CLANG_ANALYZER_NONNULL = YES;
				CLANG_ANALYZER_NUMBER_OBJECT_CONVERSION = YES_AGGRESSIVE;
				CLANG_CXX_LANGUAGE_STANDARD = "gnu++20";
				CLANG_ENABLE_MODULES = YES;
				CLANG_ENABLE_OBJC_ARC = YES;
				CLANG_ENABLE_OBJC_WEAK = YES;
				CLANG_WARN_BLOCK_CAPTURE_AUTORELEASING = YES;
				CLANG_WARN_BOOL_CONVERSION = YES;
				CLANG_WARN_COMMA = YES;
				CLANG_WARN_CONSTANT_CONVERSION = YES;
				CLANG_WARN_DEPRECATED_OBJC_IMPLEMENTATIONS = YES;
				CLANG_WARN_DIRECT_OBJC_ISA_USAGE = YES_ERROR;
				CLANG_WARN_DOCUMENTATION_COMMENTS = YES;
				CLANG_WARN_EMPTY_BODY = YES;
				CLANG_WARN_ENUM_CONVERSION = YES;
				CLANG_WARN_INFINITE_RECURSION = YES;
				CLANG_WARN_INT_CONVERSION = YES;
				CLANG_WARN_NON_LITERAL_NULL_CONVERSION = YES;
				CLANG_WARN_OBJC_IMPLICIT_RETAIN_SELF = YES;
				CLANG_WARN_OBJC_LITERAL_CONVERSION = YES;
				CLANG_WARN_OBJC_ROOT_CLASS = YES_ERROR;
				CLANG_WARN_QUOTED_INCLUDE_IN_FRAMEWORK_HEADER = YES;
				CLANG_WARN_RANGE_LOOP_ANALYSIS = YES;
				CLANG_WARN_STRICT_PROTOTYPES = YES;
				CLANG_WARN_SUSPICIOUS_MOVE = YES;
				CLANG_WARN_UNGUARDED_AVAILABILITY = YES_AGGRESSIVE;
				CLANG_WARN_UNREACHABLE_CODE = YES;
				CLANG_WARN__DUPLICATE_METHOD_MATCH = YES;
				COPY_PHASE_STRIP = NO;
				DEBUG_INFORMATION_FORMAT = dwarf;
				ENABLE_STRICT_OBJC_MSGSEND = YES;
				ENABLE_TESTABILITY = YES;
				ENABLE_USER_SCRIPT_SANDBOXING = YES;
				GCC_C_LANGUAGE_STANDARD = gnu17;
				GCC_DYNAMIC_NO_PIC = NO;
				GCC_NO_COMMON_BLOCKS = YES;
				GCC_OPTIMIZATION_LEVEL = 0;
				GCC_PREPROCESSOR_DEFINITIONS = (
					"DEBUG=1",
					"$(inherited)",
				);
				GCC_WARN_64_TO_32_BIT_CONVERSION = YES;
				GCC_WARN_ABOUT_RETURN_TYPE = YES_ERROR;
				GCC_WARN_UNDECLARED_SELECTOR = YES;
				GCC_WARN_UNINITIALIZED_AUTOS = YES_AGGRESSIVE;
				GCC_WARN_UNUSED_FUNCTION = YES;
				GCC_WARN_UNUSED_VARIABLE = YES;
				IPHONEOS_DEPLOYMENT_TARGET = 17.2;
				LOCALIZATION_PREFERS_STRING_CATALOGS = YES;
				MTL_ENABLE_DEBUG_INFO = INCLUDE_SOURCE;
				MTL_FAST_MATH = YES;
				ONLY_ACTIVE_ARCH = YES;
				SDKROOT = iphoneos;
				SWIFT_ACTIVE_COMPILATION_CONDITIONS = "DEBUG $(inherited)";
				SWIFT_OPTIMIZATION_LEVEL = "-Onone";
			};
			name = Debug;
		};
		F788A5232B3EBF7600B2D85A /* Release */ = {
			isa = XCBuildConfiguration;
			buildSettings = {
				ALWAYS_SEARCH_USER_PATHS = NO;
				ASSETCATALOG_COMPILER_GENERATE_SWIFT_ASSET_SYMBOL_EXTENSIONS = YES;
				CLANG_ANALYZER_NONNULL = YES;
				CLANG_ANALYZER_NUMBER_OBJECT_CONVERSION = YES_AGGRESSIVE;
				CLANG_CXX_LANGUAGE_STANDARD = "gnu++20";
				CLANG_ENABLE_MODULES = YES;
				CLANG_ENABLE_OBJC_ARC = YES;
				CLANG_ENABLE_OBJC_WEAK = YES;
				CLANG_WARN_BLOCK_CAPTURE_AUTORELEASING = YES;
				CLANG_WARN_BOOL_CONVERSION = YES;
				CLANG_WARN_COMMA = YES;
				CLANG_WARN_CONSTANT_CONVERSION = YES;
				CLANG_WARN_DEPRECATED_OBJC_IMPLEMENTATIONS = YES;
				CLANG_WARN_DIRECT_OBJC_ISA_USAGE = YES_ERROR;
				CLANG_WARN_DOCUMENTATION_COMMENTS = YES;
				CLANG_WARN_EMPTY_BODY = YES;
				CLANG_WARN_ENUM_CONVERSION = YES;
				CLANG_WARN_INFINITE_RECURSION = YES;
				CLANG_WARN_INT_CONVERSION = YES;
				CLANG_WARN_NON_LITERAL_NULL_CONVERSION = YES;
				CLANG_WARN_OBJC_IMPLICIT_RETAIN_SELF = YES;
				CLANG_WARN_OBJC_LITERAL_CONVERSION = YES;
				CLANG_WARN_OBJC_ROOT_CLASS = YES_ERROR;
				CLANG_WARN_QUOTED_INCLUDE_IN_FRAMEWORK_HEADER = YES;
				CLANG_WARN_RANGE_LOOP_ANALYSIS = YES;
				CLANG_WARN_STRICT_PROTOTYPES = YES;
				CLANG_WARN_SUSPICIOUS_MOVE = YES;
				CLANG_WARN_UNGUARDED_AVAILABILITY = YES_AGGRESSIVE;
				CLANG_WARN_UNREACHABLE_CODE = YES;
				CLANG_WARN__DUPLICATE_METHOD_MATCH = YES;
				COPY_PHASE_STRIP = NO;
				DEBUG_INFORMATION_FORMAT = "dwarf-with-dsym";
				ENABLE_NS_ASSERTIONS = NO;
				ENABLE_STRICT_OBJC_MSGSEND = YES;
				ENABLE_USER_SCRIPT_SANDBOXING = YES;
				GCC_C_LANGUAGE_STANDARD = gnu17;
				GCC_NO_COMMON_BLOCKS = YES;
				GCC_WARN_64_TO_32_BIT_CONVERSION = YES;
				GCC_WARN_ABOUT_RETURN_TYPE = YES_ERROR;
				GCC_WARN_UNDECLARED_SELECTOR = YES;
				GCC_WARN_UNINITIALIZED_AUTOS = YES_AGGRESSIVE;
				GCC_WARN_UNUSED_FUNCTION = YES;
				GCC_WARN_UNUSED_VARIABLE = YES;
				IPHONEOS_DEPLOYMENT_TARGET = 17.2;
				LOCALIZATION_PREFERS_STRING_CATALOGS = YES;
				MTL_ENABLE_DEBUG_INFO = NO;
				MTL_FAST_MATH = YES;
				SDKROOT = iphoneos;
				SWIFT_COMPILATION_MODE = wholemodule;
				VALIDATE_PRODUCT = YES;
			};
			name = Release;
		};
		F788A5252B3EBF7600B2D85A /* Debug */ = {
			isa = XCBuildConfiguration;
			buildSettings = {
				ASSETCATALOG_COMPILER_APPICON_NAME = AppIcon;
				ASSETCATALOG_COMPILER_GLOBAL_ACCENT_COLOR_NAME = AccentColor;
				CODE_SIGN_STYLE = Automatic;
				CURRENT_PROJECT_VERSION = 1;
				DEVELOPMENT_TEAM = YU674N5X2Y;
				GENERATE_INFOPLIST_FILE = YES;
				INFOPLIST_FILE = Project1/Info.plist;
				INFOPLIST_KEY_UIApplicationSupportsIndirectInputEvents = YES;
				INFOPLIST_KEY_UILaunchStoryboardName = LaunchScreen;
				INFOPLIST_KEY_UIMainStoryboardFile = Main;
				INFOPLIST_KEY_UISupportedInterfaceOrientations_iPad = "UIInterfaceOrientationPortrait UIInterfaceOrientationPortraitUpsideDown UIInterfaceOrientationLandscapeLeft UIInterfaceOrientationLandscapeRight";
				INFOPLIST_KEY_UISupportedInterfaceOrientations_iPhone = "UIInterfaceOrientationPortrait UIInterfaceOrientationLandscapeLeft UIInterfaceOrientationLandscapeRight";
				LD_RUNPATH_SEARCH_PATHS = (
					"$(inherited)",
					"@executable_path/Frameworks",
				);
				MARKETING_VERSION = 1.0;
				PRODUCT_BUNDLE_IDENTIFIER = palinaskakun.Project1;
				PRODUCT_NAME = "$(TARGET_NAME)";
				SWIFT_EMIT_LOC_STRINGS = YES;
				SWIFT_VERSION = 5.0;
				TARGETED_DEVICE_FAMILY = "1,2";
			};
			name = Debug;
		};
		F788A5262B3EBF7600B2D85A /* Release */ = {
			isa = XCBuildConfiguration;
			buildSettings = {
				ASSETCATALOG_COMPILER_APPICON_NAME = AppIcon;
				ASSETCATALOG_COMPILER_GLOBAL_ACCENT_COLOR_NAME = AccentColor;
				CODE_SIGN_STYLE = Automatic;
				CURRENT_PROJECT_VERSION = 1;
				DEVELOPMENT_TEAM = YU674N5X2Y;
				GENERATE_INFOPLIST_FILE = YES;
				INFOPLIST_FILE = Project1/Info.plist;
				INFOPLIST_KEY_UIApplicationSupportsIndirectInputEvents = YES;
				INFOPLIST_KEY_UILaunchStoryboardName = LaunchScreen;
				INFOPLIST_KEY_UIMainStoryboardFile = Main;
				INFOPLIST_KEY_UISupportedInterfaceOrientations_iPad = "UIInterfaceOrientationPortrait UIInterfaceOrientationPortraitUpsideDown UIInterfaceOrientationLandscapeLeft UIInterfaceOrientationLandscapeRight";
				INFOPLIST_KEY_UISupportedInterfaceOrientations_iPhone = "UIInterfaceOrientationPortrait UIInterfaceOrientationLandscapeLeft UIInterfaceOrientationLandscapeRight";
				LD_RUNPATH_SEARCH_PATHS = (
					"$(inherited)",
					"@executable_path/Frameworks",
				);
				MARKETING_VERSION = 1.0;
				PRODUCT_BUNDLE_IDENTIFIER = palinaskakun.Project1;
				PRODUCT_NAME = "$(TARGET_NAME)";
				SWIFT_EMIT_LOC_STRINGS = YES;
				SWIFT_VERSION = 5.0;
				TARGETED_DEVICE_FAMILY = "1,2";
			};
			name = Release;
		};
		F788A5282B3EBF7600B2D85A /* Debug */ = {
			isa = XCBuildConfiguration;
			buildSettings = {
				ALWAYS_EMBED_SWIFT_STANDARD_LIBRARIES = YES;
				BUNDLE_LOADER = "$(TEST_HOST)";
				CODE_SIGN_STYLE = Automatic;
				CURRENT_PROJECT_VERSION = 1;
				DEVELOPMENT_TEAM = YU674N5X2Y;
				GENERATE_INFOPLIST_FILE = YES;
				IPHONEOS_DEPLOYMENT_TARGET = 17.2;
				MARKETING_VERSION = 1.0;
				PRODUCT_BUNDLE_IDENTIFIER = palinaskakun.Project1Tests;
				PRODUCT_NAME = "$(TARGET_NAME)";
				SWIFT_EMIT_LOC_STRINGS = NO;
				SWIFT_VERSION = 5.0;
				TARGETED_DEVICE_FAMILY = "1,2";
				TEST_HOST = "$(BUILT_PRODUCTS_DIR)/Project1.app/$(BUNDLE_EXECUTABLE_FOLDER_PATH)/Project1";
			};
			name = Debug;
		};
		F788A5292B3EBF7600B2D85A /* Release */ = {
			isa = XCBuildConfiguration;
			buildSettings = {
				ALWAYS_EMBED_SWIFT_STANDARD_LIBRARIES = YES;
				BUNDLE_LOADER = "$(TEST_HOST)";
				CODE_SIGN_STYLE = Automatic;
				CURRENT_PROJECT_VERSION = 1;
				DEVELOPMENT_TEAM = YU674N5X2Y;
				GENERATE_INFOPLIST_FILE = YES;
				IPHONEOS_DEPLOYMENT_TARGET = 17.2;
				MARKETING_VERSION = 1.0;
				PRODUCT_BUNDLE_IDENTIFIER = palinaskakun.Project1Tests;
				PRODUCT_NAME = "$(TARGET_NAME)";
				SWIFT_EMIT_LOC_STRINGS = NO;
				SWIFT_VERSION = 5.0;
				TARGETED_DEVICE_FAMILY = "1,2";
				TEST_HOST = "$(BUILT_PRODUCTS_DIR)/Project1.app/$(BUNDLE_EXECUTABLE_FOLDER_PATH)/Project1";
			};
			name = Release;
		};
		F788A52B2B3EBF7600B2D85A /* Debug */ = {
			isa = XCBuildConfiguration;
			buildSettings = {
				ALWAYS_EMBED_SWIFT_STANDARD_LIBRARIES = YES;
				CODE_SIGN_STYLE = Automatic;
				CURRENT_PROJECT_VERSION = 1;
				DEVELOPMENT_TEAM = YU674N5X2Y;
				GENERATE_INFOPLIST_FILE = YES;
				MARKETING_VERSION = 1.0;
				PRODUCT_BUNDLE_IDENTIFIER = palinaskakun.Project1UITests;
				PRODUCT_NAME = "$(TARGET_NAME)";
				SWIFT_EMIT_LOC_STRINGS = NO;
				SWIFT_VERSION = 5.0;
				TARGETED_DEVICE_FAMILY = "1,2";
				TEST_TARGET_NAME = Project1;
			};
			name = Debug;
		};
		F788A52C2B3EBF7600B2D85A /* Release */ = {
			isa = XCBuildConfiguration;
			buildSettings = {
				ALWAYS_EMBED_SWIFT_STANDARD_LIBRARIES = YES;
				CODE_SIGN_STYLE = Automatic;
				CURRENT_PROJECT_VERSION = 1;
				DEVELOPMENT_TEAM = YU674N5X2Y;
				GENERATE_INFOPLIST_FILE = YES;
				MARKETING_VERSION = 1.0;
				PRODUCT_BUNDLE_IDENTIFIER = palinaskakun.Project1UITests;
				PRODUCT_NAME = "$(TARGET_NAME)";
				SWIFT_EMIT_LOC_STRINGS = NO;
				SWIFT_VERSION = 5.0;
				TARGETED_DEVICE_FAMILY = "1,2";
				TEST_TARGET_NAME = Project1;
			};
			name = Release;
		};
/* End XCBuildConfiguration section */

/* Begin XCConfigurationList section */
		F788A4F52B3EBF7300B2D85A /* Build configuration list for PBXProject "Project1" */ = {
			isa = XCConfigurationList;
			buildConfigurations = (
				F788A5222B3EBF7600B2D85A /* Debug */,
				F788A5232B3EBF7600B2D85A /* Release */,
			);
			defaultConfigurationIsVisible = 0;
			defaultConfigurationName = Release;
		};
		F788A5242B3EBF7600B2D85A /* Build configuration list for PBXNativeTarget "Project1" */ = {
			isa = XCConfigurationList;
			buildConfigurations = (
				F788A5252B3EBF7600B2D85A /* Debug */,
				F788A5262B3EBF7600B2D85A /* Release */,
			);
			defaultConfigurationIsVisible = 0;
			defaultConfigurationName = Release;
		};
		F788A5272B3EBF7600B2D85A /* Build configuration list for PBXNativeTarget "Project1Tests" */ = {
			isa = XCConfigurationList;
			buildConfigurations = (
				F788A5282B3EBF7600B2D85A /* Debug */,
				F788A5292B3EBF7600B2D85A /* Release */,
			);
			defaultConfigurationIsVisible = 0;
			defaultConfigurationName = Release;
		};
		F788A52A2B3EBF7600B2D85A /* Build configuration list for PBXNativeTarget "Project1UITests" */ = {
			isa = XCConfigurationList;
			buildConfigurations = (
				F788A52B2B3EBF7600B2D85A /* Debug */,
				F788A52C2B3EBF7600B2D85A /* Release */,
			);
			defaultConfigurationIsVisible = 0;
			defaultConfigurationName = Release;
		};
/* End XCConfigurationList section */
	};
	rootObject = F788A4F22B3EBF7300B2D85A /* Project object */;
}
